// !$*UTF8*$!
{
	archiveVersion = 1;
	classes = {
	};
	objectVersion = 46;
	objects = {

/* Begin PBXBuildFile section */
		40E557C3DF4D14F1D84DB6A5 /* Pods_Redis_Mac.framework in Frameworks */ = {isa = PBXBuildFile; fileRef = 40A85CB451C7EAC45BDFD3F6 /* Pods_Redis_Mac.framework */; };
		436CA5201EEA708600C2DDA2 /* AppDelegate.swift in Sources */ = {isa = PBXBuildFile; fileRef = 436CA51F1EEA708600C2DDA2 /* AppDelegate.swift */; };
		436CA5221EEA708600C2DDA2 /* ViewController.swift in Sources */ = {isa = PBXBuildFile; fileRef = 436CA5211EEA708600C2DDA2 /* ViewController.swift */; };
		436CA5241EEA708600C2DDA2 /* Document.swift in Sources */ = {isa = PBXBuildFile; fileRef = 436CA5231EEA708600C2DDA2 /* Document.swift */; };
		436CA5261EEA708600C2DDA2 /* Assets.xcassets in Resources */ = {isa = PBXBuildFile; fileRef = 436CA5251EEA708600C2DDA2 /* Assets.xcassets */; };
		436CA5291EEA708600C2DDA2 /* Main.storyboard in Resources */ = {isa = PBXBuildFile; fileRef = 436CA5271EEA708600C2DDA2 /* Main.storyboard */; };
		436CA5341EEA708600C2DDA2 /* Redis_MacTests.swift in Sources */ = {isa = PBXBuildFile; fileRef = 436CA5331EEA708600C2DDA2 /* Redis_MacTests.swift */; };
		436CA5451EEA75C400C2DDA2 /* Redbird.framework in Frameworks */ = {isa = PBXBuildFile; fileRef = 436CA5441EEA75C400C2DDA2 /* Redbird.framework */; };
		436CA54D1EEA767100C2DDA2 /* Logger.swift in Sources */ = {isa = PBXBuildFile; fileRef = 436CA5471EEA767100C2DDA2 /* Logger.swift */; };
		436CA54E1EEA767100C2DDA2 /* RedisServerModel.swift in Sources */ = {isa = PBXBuildFile; fileRef = 436CA5481EEA767100C2DDA2 /* RedisServerModel.swift */; };
		436CA54F1EEA767100C2DDA2 /* RedisDB.swift in Sources */ = {isa = PBXBuildFile; fileRef = 436CA5491EEA767100C2DDA2 /* RedisDB.swift */; };
		436CA5501EEA767100C2DDA2 /* JSON.swift in Sources */ = {isa = PBXBuildFile; fileRef = 436CA54A1EEA767100C2DDA2 /* JSON.swift */; };
		436CA5511EEA767100C2DDA2 /* RedisClient.swift in Sources */ = {isa = PBXBuildFile; fileRef = 436CA54B1EEA767100C2DDA2 /* RedisClient.swift */; };
		436CA5521EEA767100C2DDA2 /* DBUtil.swift in Sources */ = {isa = PBXBuildFile; fileRef = 436CA54C1EEA767100C2DDA2 /* DBUtil.swift */; };
		436CA5561EEA76B100C2DDA2 /* WindowController.swift in Sources */ = {isa = PBXBuildFile; fileRef = 436CA5551EEA76B100C2DDA2 /* WindowController.swift */; };
		439585441EEA7A1800E689BA /* LICENSE in Resources */ = {isa = PBXBuildFile; fileRef = 439585421EEA7A1800E689BA /* LICENSE */; };
		439585451EEA7A1800E689BA /* README.md in Sources */ = {isa = PBXBuildFile; fileRef = 439585431EEA7A1800E689BA /* README.md */; };
		C5C3CA2F2B73671E5724650B /* Pods_Redis_MacTests.framework in Frameworks */ = {isa = PBXBuildFile; fileRef = E329B03D6B7CBD6249ED6B7C /* Pods_Redis_MacTests.framework */; };
/* End PBXBuildFile section */

/* Begin PBXContainerItemProxy section */
		436CA5301EEA708600C2DDA2 /* PBXContainerItemProxy */ = {
			isa = PBXContainerItemProxy;
			containerPortal = 436CA5141EEA708500C2DDA2 /* Project object */;
			proxyType = 1;
			remoteGlobalIDString = 436CA51B1EEA708600C2DDA2;
			remoteInfo = "Redis-Mac";
		};
/* End PBXContainerItemProxy section */

/* Begin PBXFileReference section */
		0613CC1F81BC0057BEA27BA5 /* Pods-Redis-MacTests.release.xcconfig */ = {isa = PBXFileReference; includeInIndex = 1; lastKnownFileType = text.xcconfig; name = "Pods-Redis-MacTests.release.xcconfig"; path = "Pods/Target Support Files/Pods-Redis-MacTests/Pods-Redis-MacTests.release.xcconfig"; sourceTree = "<group>"; };
		40A85CB451C7EAC45BDFD3F6 /* Pods_Redis_Mac.framework */ = {isa = PBXFileReference; explicitFileType = wrapper.framework; includeInIndex = 0; path = Pods_Redis_Mac.framework; sourceTree = BUILT_PRODUCTS_DIR; };
		436CA51C1EEA708600C2DDA2 /* Redis-Mac.app */ = {isa = PBXFileReference; explicitFileType = wrapper.application; includeInIndex = 0; path = "Redis-Mac.app"; sourceTree = BUILT_PRODUCTS_DIR; };
		436CA51F1EEA708600C2DDA2 /* AppDelegate.swift */ = {isa = PBXFileReference; lastKnownFileType = sourcecode.swift; path = AppDelegate.swift; sourceTree = "<group>"; };
		436CA5211EEA708600C2DDA2 /* ViewController.swift */ = {isa = PBXFileReference; lastKnownFileType = sourcecode.swift; path = ViewController.swift; sourceTree = "<group>"; };
		436CA5231EEA708600C2DDA2 /* Document.swift */ = {isa = PBXFileReference; lastKnownFileType = sourcecode.swift; path = Document.swift; sourceTree = "<group>"; };
		436CA5251EEA708600C2DDA2 /* Assets.xcassets */ = {isa = PBXFileReference; lastKnownFileType = folder.assetcatalog; path = Assets.xcassets; sourceTree = "<group>"; };
		436CA5281EEA708600C2DDA2 /* Base */ = {isa = PBXFileReference; lastKnownFileType = file.storyboard; name = Base; path = Base.lproj/Main.storyboard; sourceTree = "<group>"; };
		436CA52A1EEA708600C2DDA2 /* Info.plist */ = {isa = PBXFileReference; lastKnownFileType = text.plist.xml; path = Info.plist; sourceTree = "<group>"; };
		436CA52F1EEA708600C2DDA2 /* Redis-MacTests.xctest */ = {isa = PBXFileReference; explicitFileType = wrapper.cfbundle; includeInIndex = 0; path = "Redis-MacTests.xctest"; sourceTree = BUILT_PRODUCTS_DIR; };
		436CA5331EEA708600C2DDA2 /* Redis_MacTests.swift */ = {isa = PBXFileReference; lastKnownFileType = sourcecode.swift; path = Redis_MacTests.swift; sourceTree = "<group>"; };
		436CA5351EEA708600C2DDA2 /* Info.plist */ = {isa = PBXFileReference; lastKnownFileType = text.plist.xml; path = Info.plist; sourceTree = "<group>"; };
		436CA5441EEA75C400C2DDA2 /* Redbird.framework */ = {isa = PBXFileReference; lastKnownFileType = wrapper.framework; name = Redbird.framework; path = Dependency/build/Debug/Redbird.framework; sourceTree = "<group>"; };
		436CA5471EEA767100C2DDA2 /* Logger.swift */ = {isa = PBXFileReference; fileEncoding = 4; lastKnownFileType = sourcecode.swift; path = Logger.swift; sourceTree = "<group>"; };
		436CA5481EEA767100C2DDA2 /* RedisServerModel.swift */ = {isa = PBXFileReference; fileEncoding = 4; lastKnownFileType = sourcecode.swift; path = RedisServerModel.swift; sourceTree = "<group>"; };
		436CA5491EEA767100C2DDA2 /* RedisDB.swift */ = {isa = PBXFileReference; fileEncoding = 4; lastKnownFileType = sourcecode.swift; path = RedisDB.swift; sourceTree = "<group>"; };
		436CA54A1EEA767100C2DDA2 /* JSON.swift */ = {isa = PBXFileReference; fileEncoding = 4; lastKnownFileType = sourcecode.swift; path = JSON.swift; sourceTree = "<group>"; };
		436CA54B1EEA767100C2DDA2 /* RedisClient.swift */ = {isa = PBXFileReference; fileEncoding = 4; lastKnownFileType = sourcecode.swift; path = RedisClient.swift; sourceTree = "<group>"; };
		436CA54C1EEA767100C2DDA2 /* DBUtil.swift */ = {isa = PBXFileReference; fileEncoding = 4; lastKnownFileType = sourcecode.swift; path = DBUtil.swift; sourceTree = "<group>"; };
		436CA5551EEA76B100C2DDA2 /* WindowController.swift */ = {isa = PBXFileReference; fileEncoding = 4; lastKnownFileType = sourcecode.swift; path = WindowController.swift; sourceTree = "<group>"; };
		439585421EEA7A1800E689BA /* LICENSE */ = {isa = PBXFileReference; fileEncoding = 4; lastKnownFileType = text; path = LICENSE; sourceTree = "<group>"; };
		439585431EEA7A1800E689BA /* README.md */ = {isa = PBXFileReference; fileEncoding = 4; lastKnownFileType = net.daringfireball.markdown; path = README.md; sourceTree = "<group>"; };
		7EF47771AA31B317C667DF30 /* Pods-Redis-Mac.debug.xcconfig */ = {isa = PBXFileReference; includeInIndex = 1; lastKnownFileType = text.xcconfig; name = "Pods-Redis-Mac.debug.xcconfig"; path = "Pods/Target Support Files/Pods-Redis-Mac/Pods-Redis-Mac.debug.xcconfig"; sourceTree = "<group>"; };
		C951A71F33BCDC36AE5114CA /* Pods-Redis-MacTests.debug.xcconfig */ = {isa = PBXFileReference; includeInIndex = 1; lastKnownFileType = text.xcconfig; name = "Pods-Redis-MacTests.debug.xcconfig"; path = "Pods/Target Support Files/Pods-Redis-MacTests/Pods-Redis-MacTests.debug.xcconfig"; sourceTree = "<group>"; };
		CD7B667BB8364E92A8DBB088 /* Pods-Redis-Mac.release.xcconfig */ = {isa = PBXFileReference; includeInIndex = 1; lastKnownFileType = text.xcconfig; name = "Pods-Redis-Mac.release.xcconfig"; path = "Pods/Target Support Files/Pods-Redis-Mac/Pods-Redis-Mac.release.xcconfig"; sourceTree = "<group>"; };
		E329B03D6B7CBD6249ED6B7C /* Pods_Redis_MacTests.framework */ = {isa = PBXFileReference; explicitFileType = wrapper.framework; includeInIndex = 0; path = Pods_Redis_MacTests.framework; sourceTree = BUILT_PRODUCTS_DIR; };
/* End PBXFileReference section */

/* Begin PBXFrameworksBuildPhase section */
		436CA5191EEA708600C2DDA2 /* Frameworks */ = {
			isa = PBXFrameworksBuildPhase;
			buildActionMask = 2147483647;
			files = (
				436CA5451EEA75C400C2DDA2 /* Redbird.framework in Frameworks */,
				40E557C3DF4D14F1D84DB6A5 /* Pods_Redis_Mac.framework in Frameworks */,
			);
			runOnlyForDeploymentPostprocessing = 0;
		};
		436CA52C1EEA708600C2DDA2 /* Frameworks */ = {
			isa = PBXFrameworksBuildPhase;
			buildActionMask = 2147483647;
			files = (
				C5C3CA2F2B73671E5724650B /* Pods_Redis_MacTests.framework in Frameworks */,
			);
			runOnlyForDeploymentPostprocessing = 0;
		};
/* End PBXFrameworksBuildPhase section */

/* Begin PBXGroup section */
		3C040ADB2D692F280D02BF55 /* Pods */ = {
			isa = PBXGroup;
			children = (
				7EF47771AA31B317C667DF30 /* Pods-Redis-Mac.debug.xcconfig */,
				CD7B667BB8364E92A8DBB088 /* Pods-Redis-Mac.release.xcconfig */,
				C951A71F33BCDC36AE5114CA /* Pods-Redis-MacTests.debug.xcconfig */,
				0613CC1F81BC0057BEA27BA5 /* Pods-Redis-MacTests.release.xcconfig */,
			);
			name = Pods;
			sourceTree = "<group>";
		};
		436CA5131EEA708500C2DDA2 = {
			isa = PBXGroup;
			children = (
				436CA51E1EEA708600C2DDA2 /* Redis-Mac */,
				436CA5321EEA708600C2DDA2 /* Redis-MacTests */,
				436CA51D1EEA708600C2DDA2 /* Products */,
				3C040ADB2D692F280D02BF55 /* Pods */,
				CC1DA582C73582046E054943 /* Frameworks */,
				439585421EEA7A1800E689BA /* LICENSE */,
				439585431EEA7A1800E689BA /* README.md */,
			);
			sourceTree = "<group>";
		};
		436CA51D1EEA708600C2DDA2 /* Products */ = {
			isa = PBXGroup;
			children = (
				436CA51C1EEA708600C2DDA2 /* Redis-Mac.app */,
				436CA52F1EEA708600C2DDA2 /* Redis-MacTests.xctest */,
			);
			name = Products;
			sourceTree = "<group>";
		};
		436CA51E1EEA708600C2DDA2 /* Redis-Mac */ = {
			isa = PBXGroup;
			children = (
				436CA5571EEA76BB00C2DDA2 /* controller */,
				436CA5541EEA768500C2DDA2 /* model */,
				436CA5531EEA767A00C2DDA2 /* redis */,
				436CA5461EEA75E500C2DDA2 /* tool */,
				436CA51F1EEA708600C2DDA2 /* AppDelegate.swift */,
				436CA5231EEA708600C2DDA2 /* Document.swift */,
				436CA5251EEA708600C2DDA2 /* Assets.xcassets */,
				436CA5271EEA708600C2DDA2 /* Main.storyboard */,
				436CA52A1EEA708600C2DDA2 /* Info.plist */,
			);
			path = "Redis-Mac";
			sourceTree = "<group>";
		};
		436CA5321EEA708600C2DDA2 /* Redis-MacTests */ = {
			isa = PBXGroup;
			children = (
				436CA5331EEA708600C2DDA2 /* Redis_MacTests.swift */,
				436CA5351EEA708600C2DDA2 /* Info.plist */,
			);
			path = "Redis-MacTests";
			sourceTree = "<group>";
		};
		436CA5461EEA75E500C2DDA2 /* tool */ = {
			isa = PBXGroup;
			children = (
				436CA54C1EEA767100C2DDA2 /* DBUtil.swift */,
				436CA54A1EEA767100C2DDA2 /* JSON.swift */,
				436CA5471EEA767100C2DDA2 /* Logger.swift */,
			);
			name = tool;
			sourceTree = "<group>";
		};
		436CA5531EEA767A00C2DDA2 /* redis */ = {
			isa = PBXGroup;
			children = (
				436CA5491EEA767100C2DDA2 /* RedisDB.swift */,
				436CA54B1EEA767100C2DDA2 /* RedisClient.swift */,
			);
			name = redis;
			sourceTree = "<group>";
		};
		436CA5541EEA768500C2DDA2 /* model */ = {
			isa = PBXGroup;
			children = (
				436CA5481EEA767100C2DDA2 /* RedisServerModel.swift */,
			);
			name = model;
			sourceTree = "<group>";
		};
		436CA5571EEA76BB00C2DDA2 /* controller */ = {
			isa = PBXGroup;
			children = (
				436CA5211EEA708600C2DDA2 /* ViewController.swift */,
				436CA5551EEA76B100C2DDA2 /* WindowController.swift */,
			);
			name = controller;
			sourceTree = "<group>";
		};
		CC1DA582C73582046E054943 /* Frameworks */ = {
			isa = PBXGroup;
			children = (
				436CA5441EEA75C400C2DDA2 /* Redbird.framework */,
				40A85CB451C7EAC45BDFD3F6 /* Pods_Redis_Mac.framework */,
				E329B03D6B7CBD6249ED6B7C /* Pods_Redis_MacTests.framework */,
			);
			name = Frameworks;
			sourceTree = "<group>";
		};
/* End PBXGroup section */

/* Begin PBXNativeTarget section */
		436CA51B1EEA708600C2DDA2 /* Redis-Mac */ = {
			isa = PBXNativeTarget;
			buildConfigurationList = 436CA5381EEA708600C2DDA2 /* Build configuration list for PBXNativeTarget "Redis-Mac" */;
			buildPhases = (
				35841BC4EAABB9CE48A235B7 /* [CP] Check Pods Manifest.lock */,
				436CA5181EEA708600C2DDA2 /* Sources */,
				436CA5191EEA708600C2DDA2 /* Frameworks */,
				436CA51A1EEA708600C2DDA2 /* Resources */,
				568F4235545298E8852E685C /* [CP] Embed Pods Frameworks */,
				FA2F1BBF2DAF287E4D9C02CF /* [CP] Copy Pods Resources */,
			);
			buildRules = (
			);
			dependencies = (
			);
			name = "Redis-Mac";
			productName = "Redis-Mac";
			productReference = 436CA51C1EEA708600C2DDA2 /* Redis-Mac.app */;
			productType = "com.apple.product-type.application";
		};
		436CA52E1EEA708600C2DDA2 /* Redis-MacTests */ = {
			isa = PBXNativeTarget;
			buildConfigurationList = 436CA53B1EEA708600C2DDA2 /* Build configuration list for PBXNativeTarget "Redis-MacTests" */;
			buildPhases = (
				29EE6E896A7754926543AB86 /* [CP] Check Pods Manifest.lock */,
				436CA52B1EEA708600C2DDA2 /* Sources */,
				436CA52C1EEA708600C2DDA2 /* Frameworks */,
				436CA52D1EEA708600C2DDA2 /* Resources */,
				F355DB4E99B9D8BDB0775632 /* [CP] Embed Pods Frameworks */,
				D9B8ADB4227F4777A538708A /* [CP] Copy Pods Resources */,
			);
			buildRules = (
			);
			dependencies = (
				436CA5311EEA708600C2DDA2 /* PBXTargetDependency */,
			);
			name = "Redis-MacTests";
			productName = "Redis-MacTests";
			productReference = 436CA52F1EEA708600C2DDA2 /* Redis-MacTests.xctest */;
			productType = "com.apple.product-type.bundle.unit-test";
		};
/* End PBXNativeTarget section */

/* Begin PBXProject section */
		436CA5141EEA708500C2DDA2 /* Project object */ = {
			isa = PBXProject;
			attributes = {
				LastSwiftUpdateCheck = 0820;
				LastUpgradeCheck = 0820;
				ORGANIZATIONNAME = chengpan;
				TargetAttributes = {
					436CA51B1EEA708600C2DDA2 = {
						CreatedOnToolsVersion = 8.2;
						DevelopmentTeam = GCSVPM237Z;
						ProvisioningStyle = Automatic;
					};
					436CA52E1EEA708600C2DDA2 = {
						CreatedOnToolsVersion = 8.2;
						DevelopmentTeam = GCSVPM237Z;
						ProvisioningStyle = Automatic;
						TestTargetID = 436CA51B1EEA708600C2DDA2;
					};
				};
			};
			buildConfigurationList = 436CA5171EEA708500C2DDA2 /* Build configuration list for PBXProject "Redis-Mac" */;
			compatibilityVersion = "Xcode 3.2";
			developmentRegion = English;
			hasScannedForEncodings = 0;
			knownRegions = (
				en,
				Base,
			);
			mainGroup = 436CA5131EEA708500C2DDA2;
			productRefGroup = 436CA51D1EEA708600C2DDA2 /* Products */;
			projectDirPath = "";
			projectRoot = "";
			targets = (
				436CA51B1EEA708600C2DDA2 /* Redis-Mac */,
				436CA52E1EEA708600C2DDA2 /* Redis-MacTests */,
			);
		};
/* End PBXProject section */

/* Begin PBXResourcesBuildPhase section */
		436CA51A1EEA708600C2DDA2 /* Resources */ = {
			isa = PBXResourcesBuildPhase;
			buildActionMask = 2147483647;
			files = (
				439585441EEA7A1800E689BA /* LICENSE in Resources */,
				436CA5261EEA708600C2DDA2 /* Assets.xcassets in Resources */,
				436CA5291EEA708600C2DDA2 /* Main.storyboard in Resources */,
			);
			runOnlyForDeploymentPostprocessing = 0;
		};
		436CA52D1EEA708600C2DDA2 /* Resources */ = {
			isa = PBXResourcesBuildPhase;
			buildActionMask = 2147483647;
			files = (
			);
			runOnlyForDeploymentPostprocessing = 0;
		};
/* End PBXResourcesBuildPhase section */

/* Begin PBXShellScriptBuildPhase section */
		29EE6E896A7754926543AB86 /* [CP] Check Pods Manifest.lock */ = {
			isa = PBXShellScriptBuildPhase;
			buildActionMask = 2147483647;
			files = (
			);
			inputPaths = (
			);
			name = "[CP] Check Pods Manifest.lock";
			outputPaths = (
			);
			runOnlyForDeploymentPostprocessing = 0;
			shellPath = /bin/sh;
			shellScript = "diff \"${PODS_ROOT}/../Podfile.lock\" \"${PODS_ROOT}/Manifest.lock\" > /dev/null\nif [ $? != 0 ] ; then\n    # print error to STDERR\n    echo \"error: The sandbox is not in sync with the Podfile.lock. Run 'pod install' or update your CocoaPods installation.\" >&2\n    exit 1\nfi\n";
			showEnvVarsInLog = 0;
		};
		35841BC4EAABB9CE48A235B7 /* [CP] Check Pods Manifest.lock */ = {
			isa = PBXShellScriptBuildPhase;
			buildActionMask = 2147483647;
			files = (
			);
			inputPaths = (
			);
			name = "[CP] Check Pods Manifest.lock";
			outputPaths = (
			);
			runOnlyForDeploymentPostprocessing = 0;
			shellPath = /bin/sh;
			shellScript = "diff \"${PODS_ROOT}/../Podfile.lock\" \"${PODS_ROOT}/Manifest.lock\" > /dev/null\nif [ $? != 0 ] ; then\n    # print error to STDERR\n    echo \"error: The sandbox is not in sync with the Podfile.lock. Run 'pod install' or update your CocoaPods installation.\" >&2\n    exit 1\nfi\n";
			showEnvVarsInLog = 0;
		};
		568F4235545298E8852E685C /* [CP] Embed Pods Frameworks */ = {
			isa = PBXShellScriptBuildPhase;
			buildActionMask = 2147483647;
			files = (
			);
			inputPaths = (
			);
			name = "[CP] Embed Pods Frameworks";
			outputPaths = (
			);
			runOnlyForDeploymentPostprocessing = 0;
			shellPath = /bin/sh;
			shellScript = "\"${SRCROOT}/Pods/Target Support Files/Pods-Redis-Mac/Pods-Redis-Mac-frameworks.sh\"\n";
			showEnvVarsInLog = 0;
		};
		D9B8ADB4227F4777A538708A /* [CP] Copy Pods Resources */ = {
			isa = PBXShellScriptBuildPhase;
			buildActionMask = 2147483647;
			files = (
			);
			inputPaths = (
			);
			name = "[CP] Copy Pods Resources";
			outputPaths = (
			);
			runOnlyForDeploymentPostprocessing = 0;
			shellPath = /bin/sh;
			shellScript = "\"${SRCROOT}/Pods/Target Support Files/Pods-Redis-MacTests/Pods-Redis-MacTests-resources.sh\"\n";
			showEnvVarsInLog = 0;
		};
		F355DB4E99B9D8BDB0775632 /* [CP] Embed Pods Frameworks */ = {
			isa = PBXShellScriptBuildPhase;
			buildActionMask = 2147483647;
			files = (
			);
			inputPaths = (
			);
			name = "[CP] Embed Pods Frameworks";
			outputPaths = (
			);
			runOnlyForDeploymentPostprocessing = 0;
			shellPath = /bin/sh;
			shellScript = "\"${SRCROOT}/Pods/Target Support Files/Pods-Redis-MacTests/Pods-Redis-MacTests-frameworks.sh\"\n";
			showEnvVarsInLog = 0;
		};
		FA2F1BBF2DAF287E4D9C02CF /* [CP] Copy Pods Resources */ = {
			isa = PBXShellScriptBuildPhase;
			buildActionMask = 2147483647;
			files = (
			);
			inputPaths = (
			);
			name = "[CP] Copy Pods Resources";
			outputPaths = (
			);
			runOnlyForDeploymentPostprocessing = 0;
			shellPath = /bin/sh;
			shellScript = "\"${SRCROOT}/Pods/Target Support Files/Pods-Redis-Mac/Pods-Redis-Mac-resources.sh\"\n";
			showEnvVarsInLog = 0;
		};
/* End PBXShellScriptBuildPhase section */

/* Begin PBXSourcesBuildPhase section */
		436CA5181EEA708600C2DDA2 /* Sources */ = {
			isa = PBXSourcesBuildPhase;
			buildActionMask = 2147483647;
			files = (
				436CA5221EEA708600C2DDA2 /* ViewController.swift in Sources */,
				436CA5561EEA76B100C2DDA2 /* WindowController.swift in Sources */,
				436CA5501EEA767100C2DDA2 /* JSON.swift in Sources */,
				436CA5511EEA767100C2DDA2 /* RedisClient.swift in Sources */,
				436CA5201EEA708600C2DDA2 /* AppDelegate.swift in Sources */,
				436CA54E1EEA767100C2DDA2 /* RedisServerModel.swift in Sources */,
				436CA54F1EEA767100C2DDA2 /* RedisDB.swift in Sources */,
				436CA5241EEA708600C2DDA2 /* Document.swift in Sources */,
				436CA5521EEA767100C2DDA2 /* DBUtil.swift in Sources */,
				439585451EEA7A1800E689BA /* README.md in Sources */,
				436CA54D1EEA767100C2DDA2 /* Logger.swift in Sources */,
			);
			runOnlyForDeploymentPostprocessing = 0;
		};
		436CA52B1EEA708600C2DDA2 /* Sources */ = {
			isa = PBXSourcesBuildPhase;
			buildActionMask = 2147483647;
			files = (
				436CA5341EEA708600C2DDA2 /* Redis_MacTests.swift in Sources */,
			);
			runOnlyForDeploymentPostprocessing = 0;
		};
/* End PBXSourcesBuildPhase section */

/* Begin PBXTargetDependency section */
		436CA5311EEA708600C2DDA2 /* PBXTargetDependency */ = {
			isa = PBXTargetDependency;
			target = 436CA51B1EEA708600C2DDA2 /* Redis-Mac */;
			targetProxy = 436CA5301EEA708600C2DDA2 /* PBXContainerItemProxy */;
		};
/* End PBXTargetDependency section */

/* Begin PBXVariantGroup section */
		436CA5271EEA708600C2DDA2 /* Main.storyboard */ = {
			isa = PBXVariantGroup;
			children = (
				436CA5281EEA708600C2DDA2 /* Base */,
			);
			name = Main.storyboard;
			sourceTree = "<group>";
		};
/* End PBXVariantGroup section */

/* Begin XCBuildConfiguration section */
		436CA5361EEA708600C2DDA2 /* Debug */ = {
			isa = XCBuildConfiguration;
			buildSettings = {
				ALWAYS_SEARCH_USER_PATHS = NO;
				CLANG_ANALYZER_NONNULL = YES;
				CLANG_CXX_LANGUAGE_STANDARD = "gnu++0x";
				CLANG_CXX_LIBRARY = "libc++";
				CLANG_ENABLE_MODULES = YES;
				CLANG_ENABLE_OBJC_ARC = YES;
				CLANG_WARN_BOOL_CONVERSION = YES;
				CLANG_WARN_CONSTANT_CONVERSION = YES;
				CLANG_WARN_DIRECT_OBJC_ISA_USAGE = YES_ERROR;
				CLANG_WARN_DOCUMENTATION_COMMENTS = YES;
				CLANG_WARN_EMPTY_BODY = YES;
				CLANG_WARN_ENUM_CONVERSION = YES;
				CLANG_WARN_INFINITE_RECURSION = YES;
				CLANG_WARN_INT_CONVERSION = YES;
				CLANG_WARN_OBJC_ROOT_CLASS = YES_ERROR;
				CLANG_WARN_SUSPICIOUS_MOVE = YES;
				CLANG_WARN_UNREACHABLE_CODE = YES;
				CLANG_WARN__DUPLICATE_METHOD_MATCH = YES;
				CODE_SIGN_IDENTITY = "-";
				COPY_PHASE_STRIP = NO;
				DEBUG_INFORMATION_FORMAT = dwarf;
				ENABLE_STRICT_OBJC_MSGSEND = YES;
				ENABLE_TESTABILITY = YES;
				GCC_C_LANGUAGE_STANDARD = gnu99;
				GCC_DYNAMIC_NO_PIC = NO;
				GCC_NO_COMMON_BLOCKS = YES;
				GCC_OPTIMIZATION_LEVEL = 0;
				GCC_PREPROCESSOR_DEFINITIONS = (
					"DEBUG=1",
					"$(inherited)",
				);
				GCC_WARN_64_TO_32_BIT_CONVERSION = YES;
				GCC_WARN_ABOUT_RETURN_TYPE = YES_ERROR;
				GCC_WARN_UNDECLARED_SELECTOR = YES;
				GCC_WARN_UNINITIALIZED_AUTOS = YES_AGGRESSIVE;
				GCC_WARN_UNUSED_FUNCTION = YES;
				GCC_WARN_UNUSED_VARIABLE = YES;
				MACOSX_DEPLOYMENT_TARGET = 10.12;
				MTL_ENABLE_DEBUG_INFO = YES;
				ONLY_ACTIVE_ARCH = YES;
				SDKROOT = macosx;
				SWIFT_ACTIVE_COMPILATION_CONDITIONS = DEBUG;
				SWIFT_OPTIMIZATION_LEVEL = "-Onone";
			};
			name = Debug;
		};
		436CA5371EEA708600C2DDA2 /* Release */ = {
			isa = XCBuildConfiguration;
			buildSettings = {
				ALWAYS_SEARCH_USER_PATHS = NO;
				CLANG_ANALYZER_NONNULL = YES;
				CLANG_CXX_LANGUAGE_STANDARD = "gnu++0x";
				CLANG_CXX_LIBRARY = "libc++";
				CLANG_ENABLE_MODULES = YES;
				CLANG_ENABLE_OBJC_ARC = YES;
				CLANG_WARN_BOOL_CONVERSION = YES;
				CLANG_WARN_CONSTANT_CONVERSION = YES;
				CLANG_WARN_DIRECT_OBJC_ISA_USAGE = YES_ERROR;
				CLANG_WARN_DOCUMENTATION_COMMENTS = YES;
				CLANG_WARN_EMPTY_BODY = YES;
				CLANG_WARN_ENUM_CONVERSION = YES;
				CLANG_WARN_INFINITE_RECURSION = YES;
				CLANG_WARN_INT_CONVERSION = YES;
				CLANG_WARN_OBJC_ROOT_CLASS = YES_ERROR;
				CLANG_WARN_SUSPICIOUS_MOVE = YES;
				CLANG_WARN_UNREACHABLE_CODE = YES;
				CLANG_WARN__DUPLICATE_METHOD_MATCH = YES;
				CODE_SIGN_IDENTITY = "-";
				COPY_PHASE_STRIP = NO;
				DEBUG_INFORMATION_FORMAT = "dwarf-with-dsym";
				ENABLE_NS_ASSERTIONS = NO;
				ENABLE_STRICT_OBJC_MSGSEND = YES;
				GCC_C_LANGUAGE_STANDARD = gnu99;
				GCC_NO_COMMON_BLOCKS = YES;
				GCC_WARN_64_TO_32_BIT_CONVERSION = YES;
				GCC_WARN_ABOUT_RETURN_TYPE = YES_ERROR;
				GCC_WARN_UNDECLARED_SELECTOR = YES;
				GCC_WARN_UNINITIALIZED_AUTOS = YES_AGGRESSIVE;
				GCC_WARN_UNUSED_FUNCTION = YES;
				GCC_WARN_UNUSED_VARIABLE = YES;
				MACOSX_DEPLOYMENT_TARGET = 10.12;
				MTL_ENABLE_DEBUG_INFO = NO;
				SDKROOT = macosx;
				SWIFT_OPTIMIZATION_LEVEL = "-Owholemodule";
			};
			name = Release;
		};
		436CA5391EEA708600C2DDA2 /* Debug */ = {
			isa = XCBuildConfiguration;
			baseConfigurationReference = 7EF47771AA31B317C667DF30 /* Pods-Redis-Mac.debug.xcconfig */;
			buildSettings = {
				ASSETCATALOG_COMPILER_APPICON_NAME = AppIcon;
				COMBINE_HIDPI_IMAGES = YES;
				DEVELOPMENT_TEAM = GCSVPM237Z;
				FRAMEWORK_SEARCH_PATHS = (
					"$(inherited)",
					"$(PROJECT_DIR)/Dependency/build/Debug",
				);
				INFOPLIST_FILE = "Redis-Mac/Info.plist";
				LD_RUNPATH_SEARCH_PATHS = "$(inherited) @executable_path/../Frameworks";
				PRODUCT_BUNDLE_IDENTIFIER = "io.redismac.Redis-Mac";
				PRODUCT_NAME = "$(TARGET_NAME)";
				SWIFT_VERSION = 3.0;
			};
			name = Debug;
		};
		436CA53A1EEA708600C2DDA2 /* Release */ = {
			isa = XCBuildConfiguration;
			baseConfigurationReference = CD7B667BB8364E92A8DBB088 /* Pods-Redis-Mac.release.xcconfig */;
			buildSettings = {
				ASSETCATALOG_COMPILER_APPICON_NAME = AppIcon;
				COMBINE_HIDPI_IMAGES = YES;
				DEVELOPMENT_TEAM = GCSVPM237Z;
				FRAMEWORK_SEARCH_PATHS = (
					"$(inherited)",
					"$(PROJECT_DIR)/Dependency/build/Debug",
				);
				INFOPLIST_FILE = "Redis-Mac/Info.plist";
				LD_RUNPATH_SEARCH_PATHS = "$(inherited) @executable_path/../Frameworks";
				PRODUCT_BUNDLE_IDENTIFIER = "io.redismac.Redis-Mac";
				PRODUCT_NAME = "$(TARGET_NAME)";
				SWIFT_VERSION = 3.0;
			};
			name = Release;
		};
		436CA53C1EEA708600C2DDA2 /* Debug */ = {
			isa = XCBuildConfiguration;
			baseConfigurationReference = C951A71F33BCDC36AE5114CA /* Pods-Redis-MacTests.debug.xcconfig */;
			buildSettings = {
				ALWAYS_EMBED_SWIFT_STANDARD_LIBRARIES = YES;
				BUNDLE_LOADER = "$(TEST_HOST)";
				COMBINE_HIDPI_IMAGES = YES;
				DEVELOPMENT_TEAM = GCSVPM237Z;
				INFOPLIST_FILE = "Redis-MacTests/Info.plist";
				LD_RUNPATH_SEARCH_PATHS = "$(inherited) @executable_path/../Frameworks @loader_path/../Frameworks";
				PRODUCT_BUNDLE_IDENTIFIER = "io.redismac.Redis-MacTests";
				PRODUCT_NAME = "$(TARGET_NAME)";
				SWIFT_VERSION = 3.0;
				TEST_HOST = "$(BUILT_PRODUCTS_DIR)/Redis-Mac.app/Contents/MacOS/Redis-Mac";
			};
			name = Debug;
		};
		436CA53D1EEA708600C2DDA2 /* Release */ = {
			isa = XCBuildConfiguration;
			baseConfigurationReference = 0613CC1F81BC0057BEA27BA5 /* Pods-Redis-MacTests.release.xcconfig */;
			buildSettings = {
				ALWAYS_EMBED_SWIFT_STANDARD_LIBRARIES = YES;
				BUNDLE_LOADER = "$(TEST_HOST)";
				COMBINE_HIDPI_IMAGES = YES;
				DEVELOPMENT_TEAM = GCSVPM237Z;
				INFOPLIST_FILE = "Redis-MacTests/Info.plist";
				LD_RUNPATH_SEARCH_PATHS = "$(inherited) @executable_path/../Frameworks @loader_path/../Frameworks";
				PRODUCT_BUNDLE_IDENTIFIER = "io.redismac.Redis-MacTests";
				PRODUCT_NAME = "$(TARGET_NAME)";
				SWIFT_VERSION = 3.0;
				TEST_HOST = "$(BUILT_PRODUCTS_DIR)/Redis-Mac.app/Contents/MacOS/Redis-Mac";
			};
			name = Release;
		};
/* End XCBuildConfiguration section */

/* Begin XCConfigurationList section */
		436CA5171EEA708500C2DDA2 /* Build configuration list for PBXProject "Redis-Mac" */ = {
			isa = XCConfigurationList;
			buildConfigurations = (
				436CA5361EEA708600C2DDA2 /* Debug */,
				436CA5371EEA708600C2DDA2 /* Release */,
			);
			defaultConfigurationIsVisible = 0;
			defaultConfigurationName = Release;
		};
		436CA5381EEA708600C2DDA2 /* Build configuration list for PBXNativeTarget "Redis-Mac" */ = {
			isa = XCConfigurationList;
			buildConfigurations = (
				436CA5391EEA708600C2DDA2 /* Debug */,
				436CA53A1EEA708600C2DDA2 /* Release */,
			);
			defaultConfigurationIsVisible = 0;
			defaultConfigurationName = Release;
		};
		436CA53B1EEA708600C2DDA2 /* Build configuration list for PBXNativeTarget "Redis-MacTests" */ = {
			isa = XCConfigurationList;
			buildConfigurations = (
				436CA53C1EEA708600C2DDA2 /* Debug */,
				436CA53D1EEA708600C2DDA2 /* Release */,
			);
			defaultConfigurationIsVisible = 0;
			defaultConfigurationName = Release;
		};
/* End XCConfigurationList section */
	};
	rootObject = 436CA5141EEA708500C2DDA2 /* Project object */;
}
